<?xml version="1.0" encoding="utf-8"?>
<Project ToolsVersion="4.0" xmlns="http://schemas.microsoft.com/developer/msbuild/2003">
  <ItemGroup>
    <Filter Include="Trainer">
      <UniqueIdentifier>{5e96485c-f7da-4328-806b-db2d0eb332a3}</UniqueIdentifier>
    </Filter>
  </ItemGroup>
  <ItemGroup>
    <ClCompile Include="Main.cpp">
      <Filter>Trainer</Filter>
    </ClCompile>
  </ItemGroup>
  <ItemGroup>
    <ClInclude Include="Hack.hpp">
      <Filter>Trainer</Filter>
    </ClInclude>
  </ItemGroup>
</Project>